
Microsoft Visual Studio Solution File, Format Version 12.00
# Visual Studio Version 17
VisualStudioVersion = 17.3.32901.215
MinimumVisualStudioVersion = 10.0.40219.1
Project("{FAE04EC0-301F-11D3-BF4B-00C04F79EFBC}") = "task1", "task1\task1.csproj", "{BA771C9C-3A06-4AE1-A6B6-410C2152B89F}"
EndProject
Project("{FAE04EC0-301F-11D3-BF4B-00C04F79EFBC}") = "ClassLibrary", "ClassLibrary\ClassLibrary.csproj", "{AC1D58FE-8430-4B8E-B5FF-827941CAD592}"
EndProject
Global
	GlobalSection(SolutionConfigurationPlatforms) = preSolution
		Debug|Any CPU = Debug|Any CPU
		Release|Any CPU = Release|Any CPU
	EndGlobalSection
	GlobalSection(ProjectConfigurationPlatforms) = postSolution
		{BA771C9C-3A06-4AE1-A6B6-410C2152B89F}.Debug|Any CPU.ActiveCfg = Debug|Any CPU
		{BA771C9C-3A06-4AE1-A6B6-410C2152B89F}.Debug|Any CPU.Build.0 = Debug|Any CPU
		{BA771C9C-3A06-4AE1-A6B6-410C2152B89F}.Release|Any CPU.ActiveCfg = Release|Any CPU
		{BA771C9C-3A06-4AE1-A6B6-410C2152B89F}.Release|Any CPU.Build.0 = Release|Any CPU
		{AC1D58FE-8430-4B8E-B5FF-827941CAD592}.Debug|Any CPU.ActiveCfg = Debug|Any CPU
		{AC1D58FE-8430-4B8E-B5FF-827941CAD592}.Debug|Any CPU.Build.0 = Debug|Any CPU
		{AC1D58FE-8430-4B8E-B5FF-827941CAD592}.Release|Any CPU.ActiveCfg = Release|Any CPU
		{AC1D58FE-8430-4B8E-B5FF-827941CAD592}.Release|Any CPU.Build.0 = Release|Any CPU
	EndGlobalSection
	GlobalSection(SolutionProperties) = preSolution
		HideSolutionNode = FALSE
	EndGlobalSection
	GlobalSection(ExtensibilityGlobals) = postSolution
		SolutionGuid = {E77C3C29-B79A-4195-B306-3EDCB2FEF0BE}
	EndGlobalSection
EndGlobal
