
Microsoft Visual Studio Solution File, Format Version 12.00
# Visual Studio Version 17
VisualStudioVersion = 17.3.32901.215
MinimumVisualStudioVersion = 10.0.40219.1
Project("{FAE04EC0-301F-11D3-BF4B-00C04F79EFBC}") = "task3", "task3\task3.csproj", "{97661F85-60C7-40E9-B919-2427DCA3F261}"
EndProject
Global
	GlobalSection(SolutionConfigurationPlatforms) = preSolution
		Debug|Any CPU = Debug|Any CPU
		Release|Any CPU = Release|Any CPU
	EndGlobalSection
	GlobalSection(ProjectConfigurationPlatforms) = postSolution
		{97661F85-60C7-40E9-B919-2427DCA3F261}.Debug|Any CPU.ActiveCfg = Debug|Any CPU
		{97661F85-60C7-40E9-B919-2427DCA3F261}.Debug|Any CPU.Build.0 = Debug|Any CPU
		{97661F85-60C7-40E9-B919-2427DCA3F261}.Release|Any CPU.ActiveCfg = Release|Any CPU
		{97661F85-60C7-40E9-B919-2427DCA3F261}.Release|Any CPU.Build.0 = Release|Any CPU
	EndGlobalSection
	GlobalSection(SolutionProperties) = preSolution
		HideSolutionNode = FALSE
	EndGlobalSection
	GlobalSection(ExtensibilityGlobals) = postSolution
		SolutionGuid = {470C43C7-2C37-40B4-AEFC-DB4199514950}
	EndGlobalSection
EndGlobal
