
Microsoft Visual Studio Solution File, Format Version 12.00
# Visual Studio Version 17
VisualStudioVersion = 17.3.32901.215
MinimumVisualStudioVersion = 10.0.40219.1
Project("{FAE04EC0-301F-11D3-BF4B-00C04F79EFBC}") = "Task2", "Task2\Task2.csproj", "{5109D8EF-3E82-4B7D-9ADE-8D388513DD3A}"
EndProject
Project("{FAE04EC0-301F-11D3-BF4B-00C04F79EFBC}") = "ClassLibrary", "ClassLibrary\ClassLibrary.csproj", "{A0496E0A-4A05-44F0-95A4-53B7374D4236}"
EndProject
Global
	GlobalSection(SolutionConfigurationPlatforms) = preSolution
		Debug|Any CPU = Debug|Any CPU
		Release|Any CPU = Release|Any CPU
	EndGlobalSection
	GlobalSection(ProjectConfigurationPlatforms) = postSolution
		{5109D8EF-3E82-4B7D-9ADE-8D388513DD3A}.Debug|Any CPU.ActiveCfg = Debug|Any CPU
		{5109D8EF-3E82-4B7D-9ADE-8D388513DD3A}.Debug|Any CPU.Build.0 = Debug|Any CPU
		{5109D8EF-3E82-4B7D-9ADE-8D388513DD3A}.Release|Any CPU.ActiveCfg = Release|Any CPU
		{5109D8EF-3E82-4B7D-9ADE-8D388513DD3A}.Release|Any CPU.Build.0 = Release|Any CPU
		{A0496E0A-4A05-44F0-95A4-53B7374D4236}.Debug|Any CPU.ActiveCfg = Debug|Any CPU
		{A0496E0A-4A05-44F0-95A4-53B7374D4236}.Debug|Any CPU.Build.0 = Debug|Any CPU
		{A0496E0A-4A05-44F0-95A4-53B7374D4236}.Release|Any CPU.ActiveCfg = Release|Any CPU
		{A0496E0A-4A05-44F0-95A4-53B7374D4236}.Release|Any CPU.Build.0 = Release|Any CPU
	EndGlobalSection
	GlobalSection(SolutionProperties) = preSolution
		HideSolutionNode = FALSE
	EndGlobalSection
	GlobalSection(ExtensibilityGlobals) = postSolution
		SolutionGuid = {FCD94C7D-C10B-4981-AE4F-BD60DB78A9AC}
	EndGlobalSection
EndGlobal
